
Microsoft Visual Studio Solution File, Format Version 12.00
# Visual Studio Version 17
VisualStudioVersion = 17.4.33110.190
MinimumVisualStudioVersion = 10.0.40219.1
Project("{FAE04EC0-301F-11D3-BF4B-00C04F79EFBC}") = "PDF Reader", "PDF Reader.csproj", "{D62E349A-0A01-4F01-AF1F-2C8F2F210A25}"
EndProject
Global
	GlobalSection(SolutionConfigurationPlatforms) = preSolution
		Debug|Any CPU = Debug|Any CPU
		Release|Any CPU = Release|Any CPU
	EndGlobalSection
	GlobalSection(ProjectConfigurationPlatforms) = postSolution
		{D62E349A-0A01-4F01-AF1F-2C8F2F210A25}.Debug|Any CPU.ActiveCfg = Debug|Any CPU
		{D62E349A-0A01-4F01-AF1F-2C8F2F210A25}.Debug|Any CPU.Build.0 = Debug|Any CPU
		{D62E349A-0A01-4F01-AF1F-2C8F2F210A25}.Release|Any CPU.ActiveCfg = Release|Any CPU
		{D62E349A-0A01-4F01-AF1F-2C8F2F210A25}.Release|Any CPU.Build.0 = Release|Any CPU
	EndGlobalSection
	GlobalSection(SolutionProperties) = preSolution
		HideSolutionNode = FALSE
	EndGlobalSection
	GlobalSection(ExtensibilityGlobals) = postSolution
		SolutionGuid = {8AEF5F1B-FC40-4009-858A-56E3305E1216}
	EndGlobalSection
EndGlobal
